
Microsoft Visual Studio Solution File, Format Version 9.00
# Visual Studio 2005
Project("{8BC9CEB8-8B4A-11D0-8D11-00A0C91BC942}") = "ToonShader", "ToonShader\ToonShader.vcproj", "{AE8AA78E-28A5-4823-B940-A5EA1322AD98}"
EndProject
Project("{8BC9CEB8-8B4A-11D0-8D11-00A0C91BC942}") = "AnisotropicShader", "AnisotropicShader\AnisotropicShader.vcproj", "{EDB765F6-B5B0-4ADD-B677-11864773396E}"
EndProject
Global
	GlobalSection(SolutionConfigurationPlatforms) = preSolution
		Debug|Win32 = Debug|Win32
		Release|Win32 = Release|Win32
	EndGlobalSection
	GlobalSection(ProjectConfigurationPlatforms) = postSolution
		{AE8AA78E-28A5-4823-B940-A5EA1322AD98}.Debug|Win32.ActiveCfg = Debug|Win32
		{AE8AA78E-28A5-4823-B940-A5EA1322AD98}.Debug|Win32.Build.0 = Debug|Win32
		{AE8AA78E-28A5-4823-B940-A5EA1322AD98}.Release|Win32.ActiveCfg = Release|Win32
		{AE8AA78E-28A5-4823-B940-A5EA1322AD98}.Release|Win32.Build.0 = Release|Win32
		{EDB765F6-B5B0-4ADD-B677-11864773396E}.Debug|Win32.ActiveCfg = Debug|Win32
		{EDB765F6-B5B0-4ADD-B677-11864773396E}.Debug|Win32.Build.0 = Debug|Win32
		{EDB765F6-B5B0-4ADD-B677-11864773396E}.Release|Win32.ActiveCfg = Release|Win32
		{EDB765F6-B5B0-4ADD-B677-11864773396E}.Release|Win32.Build.0 = Release|Win32
	EndGlobalSection
	GlobalSection(SolutionProperties) = preSolution
		HideSolutionNode = FALSE
	EndGlobalSection
EndGlobal
